// !$*UTF8*$!
{
	archiveVersion = 1;
	classes = {
	};
	objectVersion = 55;
	objects = {

/* Begin PBXBuildFile section */
		22046B0728492BAD0074A28F /* CustomViews.swift in Sources */ = {isa = PBXBuildFile; fileRef = 22046B0628492BAD0074A28F /* CustomViews.swift */; };
		22046B0A28492C550074A28F /* Emojis.swift in Sources */ = {isa = PBXBuildFile; fileRef = 22046B0928492C550074A28F /* Emojis.swift */; };
		22E626B72847FEFF00C39DFA /* AppDelegate.swift in Sources */ = {isa = PBXBuildFile; fileRef = 22E626B62847FEFF00C39DFA /* AppDelegate.swift */; };
		22E626B92847FEFF00C39DFA /* art.scnassets in Resources */ = {isa = PBXBuildFile; fileRef = 22E626B82847FEFF00C39DFA /* art.scnassets */; };
		22E626BB2847FEFF00C39DFA /* MainViewController.swift in Sources */ = {isa = PBXBuildFile; fileRef = 22E626BA2847FEFF00C39DFA /* MainViewController.swift */; };
		22E626C02847FF0100C39DFA /* Assets.xcassets in Resources */ = {isa = PBXBuildFile; fileRef = 22E626BF2847FF0100C39DFA /* Assets.xcassets */; };
		22E626C32847FF0100C39DFA /* LaunchScreen.storyboard in Resources */ = {isa = PBXBuildFile; fileRef = 22E626C12847FF0100C39DFA /* LaunchScreen.storyboard */; };
		22E626CE2847FFFB00C39DFA /* MainView.swift in Sources */ = {isa = PBXBuildFile; fileRef = 22E626CD2847FFFB00C39DFA /* MainView.swift */; };
		22E626D32848005700C39DFA /* ARMainViewDelegate.swift in Sources */ = {isa = PBXBuildFile; fileRef = 22E626D22848005700C39DFA /* ARMainViewDelegate.swift */; };
		22E626D52848011F00C39DFA /* MainViewControllerDelegate.swift in Sources */ = {isa = PBXBuildFile; fileRef = 22E626D42848011F00C39DFA /* MainViewControllerDelegate.swift */; };
		99FA02BE284A84EE00F2A16A /* PhotosView.swift in Sources */ = {isa = PBXBuildFile; fileRef = 99FA02BD284A84EE00F2A16A /* PhotosView.swift */; };
/* End PBXBuildFile section */

/* Begin PBXFileReference section */
		22046B0628492BAD0074A28F /* CustomViews.swift */ = {isa = PBXFileReference; lastKnownFileType = sourcecode.swift; path = CustomViews.swift; sourceTree = "<group>"; };
		22046B0928492C550074A28F /* Emojis.swift */ = {isa = PBXFileReference; lastKnownFileType = sourcecode.swift; path = Emojis.swift; sourceTree = "<group>"; };
		22E626B32847FEFF00C39DFA /* Nano05-AR.app */ = {isa = PBXFileReference; explicitFileType = wrapper.application; includeInIndex = 0; path = "Nano05-AR.app"; sourceTree = BUILT_PRODUCTS_DIR; };
		22E626B62847FEFF00C39DFA /* AppDelegate.swift */ = {isa = PBXFileReference; lastKnownFileType = sourcecode.swift; path = AppDelegate.swift; sourceTree = "<group>"; };
		22E626B82847FEFF00C39DFA /* art.scnassets */ = {isa = PBXFileReference; lastKnownFileType = wrapper.scnassets; path = art.scnassets; sourceTree = "<group>"; };
		22E626BA2847FEFF00C39DFA /* MainViewController.swift */ = {isa = PBXFileReference; lastKnownFileType = sourcecode.swift; path = MainViewController.swift; sourceTree = "<group>"; };
		22E626BF2847FF0100C39DFA /* Assets.xcassets */ = {isa = PBXFileReference; lastKnownFileType = folder.assetcatalog; path = Assets.xcassets; sourceTree = "<group>"; };
		22E626C22847FF0100C39DFA /* Base */ = {isa = PBXFileReference; lastKnownFileType = file.storyboard; name = Base; path = Base.lproj/LaunchScreen.storyboard; sourceTree = "<group>"; };
		22E626CD2847FFFB00C39DFA /* MainView.swift */ = {isa = PBXFileReference; lastKnownFileType = sourcecode.swift; path = MainView.swift; sourceTree = "<group>"; };
		22E626D22848005700C39DFA /* ARMainViewDelegate.swift */ = {isa = PBXFileReference; lastKnownFileType = sourcecode.swift; path = ARMainViewDelegate.swift; sourceTree = "<group>"; };
		22E626D42848011F00C39DFA /* MainViewControllerDelegate.swift */ = {isa = PBXFileReference; lastKnownFileType = sourcecode.swift; path = MainViewControllerDelegate.swift; sourceTree = "<group>"; };
		99FA02BD284A84EE00F2A16A /* PhotosView.swift */ = {isa = PBXFileReference; lastKnownFileType = sourcecode.swift; path = PhotosView.swift; sourceTree = "<group>"; };
/* End PBXFileReference section */

/* Begin PBXFrameworksBuildPhase section */
		22E626B02847FEFF00C39DFA /* Frameworks */ = {
			isa = PBXFrameworksBuildPhase;
			buildActionMask = 2147483647;
			files = (
			);
			runOnlyForDeploymentPostprocessing = 0;
		};
/* End PBXFrameworksBuildPhase section */

/* Begin PBXGroup section */
		22046B0828492C3D0074A28F /* Model */ = {
			isa = PBXGroup;
			children = (
				22046B0928492C550074A28F /* Emojis.swift */,
			);
			path = Model;
			sourceTree = "<group>";
		};
		22E626AA2847FEFF00C39DFA = {
			isa = PBXGroup;
			children = (
				22E626C92847FFC700C39DFA /* Shared */,
				22E626B52847FEFF00C39DFA /* Nano05-AR */,
				22E626B42847FEFF00C39DFA /* Products */,
			);
			sourceTree = "<group>";
		};
		22E626B42847FEFF00C39DFA /* Products */ = {
			isa = PBXGroup;
			children = (
				22E626B32847FEFF00C39DFA /* Nano05-AR.app */,
			);
			name = Products;
			sourceTree = "<group>";
		};
		22E626B52847FEFF00C39DFA /* Nano05-AR */ = {
			isa = PBXGroup;
			children = (
				22046B0828492C3D0074A28F /* Model */,
				22E626CA2847FFD100C39DFA /* Delegate */,
				22E626CF2848001800C39DFA /* Protocols */,
				22E626CC2847FFE200C39DFA /* Controller */,
				22E626CB2847FFDB00C39DFA /* View */,
				22E626B82847FEFF00C39DFA /* art.scnassets */,
			);
			path = "Nano05-AR";
			sourceTree = "<group>";
		};
		22E626C92847FFC700C39DFA /* Shared */ = {
			isa = PBXGroup;
			children = (
				22E626BF2847FF0100C39DFA /* Assets.xcassets */,
			);
			path = Shared;
			sourceTree = "<group>";
		};
		22E626CA2847FFD100C39DFA /* Delegate */ = {
			isa = PBXGroup;
			children = (
				22E626D02848002300C39DFA /* System */,
				22E626D22848005700C39DFA /* ARMainViewDelegate.swift */,
			);
			path = Delegate;
			sourceTree = "<group>";
		};
		22E626CB2847FFDB00C39DFA /* View */ = {
			isa = PBXGroup;
			children = (
				22E626C12847FF0100C39DFA /* LaunchScreen.storyboard */,
				22E626CD2847FFFB00C39DFA /* MainView.swift */,
				22046B0628492BAD0074A28F /* CustomViews.swift */,
				99FA02BD284A84EE00F2A16A /* PhotosView.swift */,
			);
			path = View;
			sourceTree = "<group>";
		};
		22E626CC2847FFE200C39DFA /* Controller */ = {
			isa = PBXGroup;
			children = (
				22E626BA2847FEFF00C39DFA /* MainViewController.swift */,
			);
			path = Controller;
			sourceTree = "<group>";
		};
		22E626CF2848001800C39DFA /* Protocols */ = {
			isa = PBXGroup;
			children = (
				22E626D42848011F00C39DFA /* MainViewControllerDelegate.swift */,
			);
			path = Protocols;
			sourceTree = "<group>";
		};
		22E626D02848002300C39DFA /* System */ = {
			isa = PBXGroup;
			children = (
				22E626B62847FEFF00C39DFA /* AppDelegate.swift */,
			);
			path = System;
			sourceTree = "<group>";
		};
/* End PBXGroup section */

/* Begin PBXNativeTarget section */
		22E626B22847FEFF00C39DFA /* Nano05-AR */ = {
			isa = PBXNativeTarget;
			buildConfigurationList = 22E626C62847FF0100C39DFA /* Build configuration list for PBXNativeTarget "Nano05-AR" */;
			buildPhases = (
				22E626AF2847FEFF00C39DFA /* Sources */,
				22E626B02847FEFF00C39DFA /* Frameworks */,
				22E626B12847FEFF00C39DFA /* Resources */,
			);
			buildRules = (
			);
			dependencies = (
			);
			name = "Nano05-AR";
			productName = "Nano05-AR";
			productReference = 22E626B32847FEFF00C39DFA /* Nano05-AR.app */;
			productType = "com.apple.product-type.application";
		};
/* End PBXNativeTarget section */

/* Begin PBXProject section */
		22E626AB2847FEFF00C39DFA /* Project object */ = {
			isa = PBXProject;
			attributes = {
				BuildIndependentTargetsInParallel = 1;
				LastSwiftUpdateCheck = 1340;
				LastUpgradeCheck = 1340;
				TargetAttributes = {
					22E626B22847FEFF00C39DFA = {
						CreatedOnToolsVersion = 13.4;
					};
				};
			};
			buildConfigurationList = 22E626AE2847FEFF00C39DFA /* Build configuration list for PBXProject "Nano05-AR" */;
			compatibilityVersion = "Xcode 13.0";
			developmentRegion = en;
			hasScannedForEncodings = 0;
			knownRegions = (
				en,
				Base,
			);
			mainGroup = 22E626AA2847FEFF00C39DFA;
			productRefGroup = 22E626B42847FEFF00C39DFA /* Products */;
			projectDirPath = "";
			projectRoot = "";
			targets = (
				22E626B22847FEFF00C39DFA /* Nano05-AR */,
			);
		};
/* End PBXProject section */

/* Begin PBXResourcesBuildPhase section */
		22E626B12847FEFF00C39DFA /* Resources */ = {
			isa = PBXResourcesBuildPhase;
			buildActionMask = 2147483647;
			files = (
				22E626B92847FEFF00C39DFA /* art.scnassets in Resources */,
				22E626C32847FF0100C39DFA /* LaunchScreen.storyboard in Resources */,
				22E626C02847FF0100C39DFA /* Assets.xcassets in Resources */,
			);
			runOnlyForDeploymentPostprocessing = 0;
		};
/* End PBXResourcesBuildPhase section */

/* Begin PBXSourcesBuildPhase section */
		22E626AF2847FEFF00C39DFA /* Sources */ = {
			isa = PBXSourcesBuildPhase;
			buildActionMask = 2147483647;
			files = (
				22046B0A28492C550074A28F /* Emojis.swift in Sources */,
				22E626BB2847FEFF00C39DFA /* MainViewController.swift in Sources */,
				22E626CE2847FFFB00C39DFA /* MainView.swift in Sources */,
				99FA02BE284A84EE00F2A16A /* PhotosView.swift in Sources */,
				22E626B72847FEFF00C39DFA /* AppDelegate.swift in Sources */,
				22046B0728492BAD0074A28F /* CustomViews.swift in Sources */,
				22E626D52848011F00C39DFA /* MainViewControllerDelegate.swift in Sources */,
				22E626D32848005700C39DFA /* ARMainViewDelegate.swift in Sources */,
			);
			runOnlyForDeploymentPostprocessing = 0;
		};
/* End PBXSourcesBuildPhase section */

/* Begin PBXVariantGroup section */
		22E626C12847FF0100C39DFA /* LaunchScreen.storyboard */ = {
			isa = PBXVariantGroup;
			children = (
				22E626C22847FF0100C39DFA /* Base */,
			);
			name = LaunchScreen.storyboard;
			sourceTree = "<group>";
		};
/* End PBXVariantGroup section */

/* Begin XCBuildConfiguration section */
		22E626C42847FF0100C39DFA /* Debug */ = {
			isa = XCBuildConfiguration;
			buildSettings = {
				ALWAYS_SEARCH_USER_PATHS = NO;
				CLANG_ANALYZER_NONNULL = YES;
				CLANG_ANALYZER_NUMBER_OBJECT_CONVERSION = YES_AGGRESSIVE;
				CLANG_CXX_LANGUAGE_STANDARD = "gnu++17";
				CLANG_ENABLE_MODULES = YES;
				CLANG_ENABLE_OBJC_ARC = YES;
				CLANG_ENABLE_OBJC_WEAK = YES;
				CLANG_WARN_BLOCK_CAPTURE_AUTORELEASING = YES;
				CLANG_WARN_BOOL_CONVERSION = YES;
				CLANG_WARN_COMMA = YES;
				CLANG_WARN_CONSTANT_CONVERSION = YES;
				CLANG_WARN_DEPRECATED_OBJC_IMPLEMENTATIONS = YES;
				CLANG_WARN_DIRECT_OBJC_ISA_USAGE = YES_ERROR;
				CLANG_WARN_DOCUMENTATION_COMMENTS = YES;
				CLANG_WARN_EMPTY_BODY = YES;
				CLANG_WARN_ENUM_CONVERSION = YES;
				CLANG_WARN_INFINITE_RECURSION = YES;
				CLANG_WARN_INT_CONVERSION = YES;
				CLANG_WARN_NON_LITERAL_NULL_CONVERSION = YES;
				CLANG_WARN_OBJC_IMPLICIT_RETAIN_SELF = YES;
				CLANG_WARN_OBJC_LITERAL_CONVERSION = YES;
				CLANG_WARN_OBJC_ROOT_CLASS = YES_ERROR;
				CLANG_WARN_QUOTED_INCLUDE_IN_FRAMEWORK_HEADER = YES;
				CLANG_WARN_RANGE_LOOP_ANALYSIS = YES;
				CLANG_WARN_STRICT_PROTOTYPES = YES;
				CLANG_WARN_SUSPICIOUS_MOVE = YES;
				CLANG_WARN_UNGUARDED_AVAILABILITY = YES_AGGRESSIVE;
				CLANG_WARN_UNREACHABLE_CODE = YES;
				CLANG_WARN__DUPLICATE_METHOD_MATCH = YES;
				COPY_PHASE_STRIP = NO;
				DEBUG_INFORMATION_FORMAT = dwarf;
				ENABLE_STRICT_OBJC_MSGSEND = YES;
				ENABLE_TESTABILITY = YES;
				GCC_C_LANGUAGE_STANDARD = gnu11;
				GCC_DYNAMIC_NO_PIC = NO;
				GCC_NO_COMMON_BLOCKS = YES;
				GCC_OPTIMIZATION_LEVEL = 0;
				GCC_PREPROCESSOR_DEFINITIONS = (
					"DEBUG=1",
					"$(inherited)",
				);
				GCC_WARN_64_TO_32_BIT_CONVERSION = YES;
				GCC_WARN_ABOUT_RETURN_TYPE = YES_ERROR;
				GCC_WARN_UNDECLARED_SELECTOR = YES;
				GCC_WARN_UNINITIALIZED_AUTOS = YES_AGGRESSIVE;
				GCC_WARN_UNUSED_FUNCTION = YES;
				GCC_WARN_UNUSED_VARIABLE = YES;
				IPHONEOS_DEPLOYMENT_TARGET = 14.5;
				MTL_ENABLE_DEBUG_INFO = INCLUDE_SOURCE;
				MTL_FAST_MATH = YES;
				ONLY_ACTIVE_ARCH = YES;
				SDKROOT = iphoneos;
				SWIFT_ACTIVE_COMPILATION_CONDITIONS = DEBUG;
				SWIFT_OPTIMIZATION_LEVEL = "-Onone";
			};
			name = Debug;
		};
		22E626C52847FF0100C39DFA /* Release */ = {
			isa = XCBuildConfiguration;
			buildSettings = {
				ALWAYS_SEARCH_USER_PATHS = NO;
				CLANG_ANALYZER_NONNULL = YES;
				CLANG_ANALYZER_NUMBER_OBJECT_CONVERSION = YES_AGGRESSIVE;
				CLANG_CXX_LANGUAGE_STANDARD = "gnu++17";
				CLANG_ENABLE_MODULES = YES;
				CLANG_ENABLE_OBJC_ARC = YES;
				CLANG_ENABLE_OBJC_WEAK = YES;
				CLANG_WARN_BLOCK_CAPTURE_AUTORELEASING = YES;
				CLANG_WARN_BOOL_CONVERSION = YES;
				CLANG_WARN_COMMA = YES;
				CLANG_WARN_CONSTANT_CONVERSION = YES;
				CLANG_WARN_DEPRECATED_OBJC_IMPLEMENTATIONS = YES;
				CLANG_WARN_DIRECT_OBJC_ISA_USAGE = YES_ERROR;
				CLANG_WARN_DOCUMENTATION_COMMENTS = YES;
				CLANG_WARN_EMPTY_BODY = YES;
				CLANG_WARN_ENUM_CONVERSION = YES;
				CLANG_WARN_INFINITE_RECURSION = YES;
				CLANG_WARN_INT_CONVERSION = YES;
				CLANG_WARN_NON_LITERAL_NULL_CONVERSION = YES;
				CLANG_WARN_OBJC_IMPLICIT_RETAIN_SELF = YES;
				CLANG_WARN_OBJC_LITERAL_CONVERSION = YES;
				CLANG_WARN_OBJC_ROOT_CLASS = YES_ERROR;
				CLANG_WARN_QUOTED_INCLUDE_IN_FRAMEWORK_HEADER = YES;
				CLANG_WARN_RANGE_LOOP_ANALYSIS = YES;
				CLANG_WARN_STRICT_PROTOTYPES = YES;
				CLANG_WARN_SUSPICIOUS_MOVE = YES;
				CLANG_WARN_UNGUARDED_AVAILABILITY = YES_AGGRESSIVE;
				CLANG_WARN_UNREACHABLE_CODE = YES;
				CLANG_WARN__DUPLICATE_METHOD_MATCH = YES;
				COPY_PHASE_STRIP = NO;
				DEBUG_INFORMATION_FORMAT = "dwarf-with-dsym";
				ENABLE_NS_ASSERTIONS = NO;
				ENABLE_STRICT_OBJC_MSGSEND = YES;
				GCC_C_LANGUAGE_STANDARD = gnu11;
				GCC_NO_COMMON_BLOCKS = YES;
				GCC_WARN_64_TO_32_BIT_CONVERSION = YES;
				GCC_WARN_ABOUT_RETURN_TYPE = YES_ERROR;
				GCC_WARN_UNDECLARED_SELECTOR = YES;
				GCC_WARN_UNINITIALIZED_AUTOS = YES_AGGRESSIVE;
				GCC_WARN_UNUSED_FUNCTION = YES;
				GCC_WARN_UNUSED_VARIABLE = YES;
				IPHONEOS_DEPLOYMENT_TARGET = 14.5;
				MTL_ENABLE_DEBUG_INFO = NO;
				MTL_FAST_MATH = YES;
				SDKROOT = iphoneos;
				SWIFT_COMPILATION_MODE = wholemodule;
				SWIFT_OPTIMIZATION_LEVEL = "-O";
				VALIDATE_PRODUCT = YES;
			};
			name = Release;
		};
		22E626C72847FF0100C39DFA /* Debug */ = {
			isa = XCBuildConfiguration;
			buildSettings = {
				ASSETCATALOG_COMPILER_APPICON_NAME = AppIcon;
				ASSETCATALOG_COMPILER_GLOBAL_ACCENT_COLOR_NAME = AccentColor;
				CODE_SIGN_STYLE = Automatic;
				CURRENT_PROJECT_VERSION = 1;
				DEVELOPMENT_TEAM = 7Y74F655Y8;
				GENERATE_INFOPLIST_FILE = YES;
				INFOPLIST_KEY_NSCameraUsageDescription = "";
				INFOPLIST_KEY_UIApplicationSupportsIndirectInputEvents = YES;
				INFOPLIST_KEY_UILaunchStoryboardName = LaunchScreen;
				INFOPLIST_KEY_UIRequiredDeviceCapabilities = arkit;
				INFOPLIST_KEY_UIStatusBarHidden = YES;
				INFOPLIST_KEY_UISupportedInterfaceOrientations = UIInterfaceOrientationPortrait;
				INFOPLIST_KEY_UISupportedInterfaceOrientations_iPad = "UIInterfaceOrientationPortrait UIInterfaceOrientationPortraitUpsideDown";
				INFOPLIST_KEY_UISupportedInterfaceOrientations_iPhone = UIInterfaceOrientationPortrait;
				LD_RUNPATH_SEARCH_PATHS = (
					"$(inherited)",
					"@executable_path/Frameworks",
				);
				MARKETING_VERSION = 1.0;
				PRODUCT_BUNDLE_IDENTIFIER = "GUILHERME.REIS.Nano05-AR";
				PRODUCT_NAME = "$(TARGET_NAME)";
				SWIFT_EMIT_LOC_STRINGS = YES;
				SWIFT_VERSION = 5.0;
				TARGETED_DEVICE_FAMILY = 1;
			};
			name = Debug;
		};
		22E626C82847FF0100C39DFA /* Release */ = {
			isa = XCBuildConfiguration;
			buildSettings = {
				ASSETCATALOG_COMPILER_APPICON_NAME = AppIcon;
				ASSETCATALOG_COMPILER_GLOBAL_ACCENT_COLOR_NAME = AccentColor;
				CODE_SIGN_STYLE = Automatic;
				CURRENT_PROJECT_VERSION = 1;
				DEVELOPMENT_TEAM = 7Y74F655Y8;
				GENERATE_INFOPLIST_FILE = YES;
				INFOPLIST_KEY_NSCameraUsageDescription = "";
				INFOPLIST_KEY_UIApplicationSupportsIndirectInputEvents = YES;
				INFOPLIST_KEY_UILaunchStoryboardName = LaunchScreen;
				INFOPLIST_KEY_UIRequiredDeviceCapabilities = arkit;
				INFOPLIST_KEY_UIStatusBarHidden = YES;
				INFOPLIST_KEY_UISupportedInterfaceOrientations = UIInterfaceOrientationPortrait;
				INFOPLIST_KEY_UISupportedInterfaceOrientations_iPad = "UIInterfaceOrientationPortrait UIInterfaceOrientationPortraitUpsideDown";
				INFOPLIST_KEY_UISupportedInterfaceOrientations_iPhone = UIInterfaceOrientationPortrait;
				LD_RUNPATH_SEARCH_PATHS = (
					"$(inherited)",
					"@executable_path/Frameworks",
				);
				MARKETING_VERSION = 1.0;
				PRODUCT_BUNDLE_IDENTIFIER = "GUILHERME.REIS.Nano05-AR";
				PRODUCT_NAME = "$(TARGET_NAME)";
				SWIFT_EMIT_LOC_STRINGS = YES;
				SWIFT_VERSION = 5.0;
				TARGETED_DEVICE_FAMILY = 1;
			};
			name = Release;
		};
/* End XCBuildConfiguration section */

/* Begin XCConfigurationList section */
		22E626AE2847FEFF00C39DFA /* Build configuration list for PBXProject "Nano05-AR" */ = {
			isa = XCConfigurationList;
			buildConfigurations = (
				22E626C42847FF0100C39DFA /* Debug */,
				22E626C52847FF0100C39DFA /* Release */,
			);
			defaultConfigurationIsVisible = 0;
			defaultConfigurationName = Release;
		};
		22E626C62847FF0100C39DFA /* Build configuration list for PBXNativeTarget "Nano05-AR" */ = {
			isa = XCConfigurationList;
			buildConfigurations = (
				22E626C72847FF0100C39DFA /* Debug */,
				22E626C82847FF0100C39DFA /* Release */,
			);
			defaultConfigurationIsVisible = 0;
			defaultConfigurationName = Release;
		};
/* End XCConfigurationList section */
	};
	rootObject = 22E626AB2847FEFF00C39DFA /* Project object */;
}
